// !$*UTF8*$!
{
	archiveVersion = 1;
	classes = {
	};
	objectVersion = 48;
	objects = {

/* Begin PBXBuildFile section */
		A329B5541FD7A5FB00A22F37 /* AppDelegate.swift in Sources */ = {isa = PBXBuildFile; fileRef = A329B5531FD7A5FB00A22F37 /* AppDelegate.swift */; };
		A329B5561FD7A5FB00A22F37 /* ViewController.swift in Sources */ = {isa = PBXBuildFile; fileRef = A329B5551FD7A5FB00A22F37 /* ViewController.swift */; };
		A329B5581FD7A5FB00A22F37 /* Assets.xcassets in Resources */ = {isa = PBXBuildFile; fileRef = A329B5571FD7A5FB00A22F37 /* Assets.xcassets */; };
		A329B55B1FD7A5FB00A22F37 /* Main.storyboard in Resources */ = {isa = PBXBuildFile; fileRef = A329B5591FD7A5FB00A22F37 /* Main.storyboard */; };
		A329B56A1FD7A8AE00A22F37 /* Cocoa.framework in Frameworks */ = {isa = PBXBuildFile; fileRef = A329B5691FD7A8AE00A22F37 /* Cocoa.framework */; };
		A329B56D1FD7A8AE00A22F37 /* SourceEditorExtension.swift in Sources */ = {isa = PBXBuildFile; fileRef = A329B56C1FD7A8AE00A22F37 /* SourceEditorExtension.swift */; };
		A329B56F1FD7A8AE00A22F37 /* CheckNamingTypoCommand.swift in Sources */ = {isa = PBXBuildFile; fileRef = A329B56E1FD7A8AE00A22F37 /* CheckNamingTypoCommand.swift */; };
		A329B5741FD7A8AE00A22F37 /* NoMoreTypo.appex in Embed App Extensions */ = {isa = PBXBuildFile; fileRef = A329B5671FD7A8AE00A22F37 /* NoMoreTypo.appex */; settings = {ATTRIBUTES = (RemoveHeadersOnCopy, ); }; };
		A329B57A1FD7A93F00A22F37 /* CheckStringTypoCommand.swift in Sources */ = {isa = PBXBuildFile; fileRef = A329B5791FD7A93F00A22F37 /* CheckStringTypoCommand.swift */; };
/* End PBXBuildFile section */

/* Begin PBXContainerItemProxy section */
		A329B5721FD7A8AE00A22F37 /* PBXContainerItemProxy */ = {
			isa = PBXContainerItemProxy;
			containerPortal = A329B5481FD7A5FB00A22F37 /* Project object */;
			proxyType = 1;
			remoteGlobalIDString = A329B5661FD7A8AE00A22F37;
			remoteInfo = NoMoreTypo;
		};
/* End PBXContainerItemProxy section */

/* Begin PBXCopyFilesBuildPhase section */
		A329B5781FD7A8AE00A22F37 /* Embed App Extensions */ = {
			isa = PBXCopyFilesBuildPhase;
			buildActionMask = 2147483647;
			dstPath = "";
			dstSubfolderSpec = 13;
			files = (
				A329B5741FD7A8AE00A22F37 /* NoMoreTypo.appex in Embed App Extensions */,
			);
			name = "Embed App Extensions";
			runOnlyForDeploymentPostprocessing = 0;
		};
/* End PBXCopyFilesBuildPhase section */

/* Begin PBXFileReference section */
		A329B5501FD7A5FB00A22F37 /* NoMoreTypoForXcode.app */ = {isa = PBXFileReference; explicitFileType = wrapper.application; includeInIndex = 0; path = NoMoreTypoForXcode.app; sourceTree = BUILT_PRODUCTS_DIR; };
		A329B5531FD7A5FB00A22F37 /* AppDelegate.swift */ = {isa = PBXFileReference; lastKnownFileType = sourcecode.swift; path = AppDelegate.swift; sourceTree = "<group>"; };
		A329B5551FD7A5FB00A22F37 /* ViewController.swift */ = {isa = PBXFileReference; lastKnownFileType = sourcecode.swift; path = ViewController.swift; sourceTree = "<group>"; };
		A329B5571FD7A5FB00A22F37 /* Assets.xcassets */ = {isa = PBXFileReference; lastKnownFileType = folder.assetcatalog; path = Assets.xcassets; sourceTree = "<group>"; };
		A329B55A1FD7A5FB00A22F37 /* Base */ = {isa = PBXFileReference; lastKnownFileType = file.storyboard; name = Base; path = Base.lproj/Main.storyboard; sourceTree = "<group>"; };
		A329B55C1FD7A5FB00A22F37 /* Info.plist */ = {isa = PBXFileReference; lastKnownFileType = text.plist.xml; path = Info.plist; sourceTree = "<group>"; };
		A329B55D1FD7A5FB00A22F37 /* NoMoreTypoForXcode.entitlements */ = {isa = PBXFileReference; lastKnownFileType = text.plist.entitlements; path = NoMoreTypoForXcode.entitlements; sourceTree = "<group>"; };
		A329B5671FD7A8AE00A22F37 /* NoMoreTypo.appex */ = {isa = PBXFileReference; explicitFileType = "wrapper.app-extension"; includeInIndex = 0; path = NoMoreTypo.appex; sourceTree = BUILT_PRODUCTS_DIR; };
		A329B5691FD7A8AE00A22F37 /* Cocoa.framework */ = {isa = PBXFileReference; lastKnownFileType = wrapper.framework; name = Cocoa.framework; path = System/Library/Frameworks/Cocoa.framework; sourceTree = SDKROOT; };
		A329B56C1FD7A8AE00A22F37 /* SourceEditorExtension.swift */ = {isa = PBXFileReference; lastKnownFileType = sourcecode.swift; path = SourceEditorExtension.swift; sourceTree = "<group>"; };
		A329B56E1FD7A8AE00A22F37 /* CheckNamingTypoCommand.swift */ = {isa = PBXFileReference; lastKnownFileType = sourcecode.swift; path = CheckNamingTypoCommand.swift; sourceTree = "<group>"; };
		A329B5701FD7A8AE00A22F37 /* Info.plist */ = {isa = PBXFileReference; lastKnownFileType = text.plist.xml; path = Info.plist; sourceTree = "<group>"; };
		A329B5711FD7A8AE00A22F37 /* NoMoreTypo.entitlements */ = {isa = PBXFileReference; lastKnownFileType = text.plist.entitlements; path = NoMoreTypo.entitlements; sourceTree = "<group>"; };
		A329B5791FD7A93F00A22F37 /* CheckStringTypoCommand.swift */ = {isa = PBXFileReference; lastKnownFileType = sourcecode.swift; path = CheckStringTypoCommand.swift; sourceTree = "<group>"; };
/* End PBXFileReference section */

/* Begin PBXFrameworksBuildPhase section */
		A329B54D1FD7A5FB00A22F37 /* Frameworks */ = {
			isa = PBXFrameworksBuildPhase;
			buildActionMask = 2147483647;
			files = (
			);
			runOnlyForDeploymentPostprocessing = 0;
		};
		A329B5641FD7A8AE00A22F37 /* Frameworks */ = {
			isa = PBXFrameworksBuildPhase;
			buildActionMask = 2147483647;
			files = (
				A329B56A1FD7A8AE00A22F37 /* Cocoa.framework in Frameworks */,
			);
			runOnlyForDeploymentPostprocessing = 0;
		};
/* End PBXFrameworksBuildPhase section */

/* Begin PBXGroup section */
		A329B5471FD7A5FB00A22F37 = {
			isa = PBXGroup;
			children = (
				A329B5521FD7A5FB00A22F37 /* NoMoreTypoForXcode */,
				A329B56B1FD7A8AE00A22F37 /* NoMoreTypo */,
				A329B5681FD7A8AE00A22F37 /* Frameworks */,
				A329B5511FD7A5FB00A22F37 /* Products */,
			);
			sourceTree = "<group>";
		};
		A329B5511FD7A5FB00A22F37 /* Products */ = {
			isa = PBXGroup;
			children = (
				A329B5501FD7A5FB00A22F37 /* NoMoreTypoForXcode.app */,
				A329B5671FD7A8AE00A22F37 /* NoMoreTypo.appex */,
			);
			name = Products;
			sourceTree = "<group>";
		};
		A329B5521FD7A5FB00A22F37 /* NoMoreTypoForXcode */ = {
			isa = PBXGroup;
			children = (
				A329B5531FD7A5FB00A22F37 /* AppDelegate.swift */,
				A329B5551FD7A5FB00A22F37 /* ViewController.swift */,
				A329B5571FD7A5FB00A22F37 /* Assets.xcassets */,
				A329B5591FD7A5FB00A22F37 /* Main.storyboard */,
				A329B55C1FD7A5FB00A22F37 /* Info.plist */,
				A329B55D1FD7A5FB00A22F37 /* NoMoreTypoForXcode.entitlements */,
			);
			path = NoMoreTypoForXcode;
			sourceTree = "<group>";
		};
		A329B5681FD7A8AE00A22F37 /* Frameworks */ = {
			isa = PBXGroup;
			children = (
				A329B5691FD7A8AE00A22F37 /* Cocoa.framework */,
			);
			name = Frameworks;
			sourceTree = "<group>";
		};
		A329B56B1FD7A8AE00A22F37 /* NoMoreTypo */ = {
			isa = PBXGroup;
			children = (
				A329B56C1FD7A8AE00A22F37 /* SourceEditorExtension.swift */,
				A329B56E1FD7A8AE00A22F37 /* CheckNamingTypoCommand.swift */,
				A329B5791FD7A93F00A22F37 /* CheckStringTypoCommand.swift */,
				A329B5701FD7A8AE00A22F37 /* Info.plist */,
				A329B5711FD7A8AE00A22F37 /* NoMoreTypo.entitlements */,
			);
			path = NoMoreTypo;
			sourceTree = "<group>";
		};
/* End PBXGroup section */

/* Begin PBXNativeTarget section */
		A329B54F1FD7A5FB00A22F37 /* NoMoreTypoForXcode */ = {
			isa = PBXNativeTarget;
			buildConfigurationList = A329B5601FD7A5FB00A22F37 /* Build configuration list for PBXNativeTarget "NoMoreTypoForXcode" */;
			buildPhases = (
				A329B54C1FD7A5FB00A22F37 /* Sources */,
				A329B54D1FD7A5FB00A22F37 /* Frameworks */,
				A329B54E1FD7A5FB00A22F37 /* Resources */,
				A329B5781FD7A8AE00A22F37 /* Embed App Extensions */,
			);
			buildRules = (
			);
			dependencies = (
				A329B5731FD7A8AE00A22F37 /* PBXTargetDependency */,
			);
			name = NoMoreTypoForXcode;
			productName = NoMoreTypoForXcode;
			productReference = A329B5501FD7A5FB00A22F37 /* NoMoreTypoForXcode.app */;
			productType = "com.apple.product-type.application";
		};
		A329B5661FD7A8AE00A22F37 /* NoMoreTypo */ = {
			isa = PBXNativeTarget;
			buildConfigurationList = A329B5751FD7A8AE00A22F37 /* Build configuration list for PBXNativeTarget "NoMoreTypo" */;
			buildPhases = (
				A329B5631FD7A8AE00A22F37 /* Sources */,
				A329B5641FD7A8AE00A22F37 /* Frameworks */,
				A329B5651FD7A8AE00A22F37 /* Resources */,
			);
			buildRules = (
			);
			dependencies = (
			);
			name = NoMoreTypo;
			productName = NoMoreTypo;
			productReference = A329B5671FD7A8AE00A22F37 /* NoMoreTypo.appex */;
			productType = "com.apple.product-type.xcode-extension";
		};
/* End PBXNativeTarget section */

/* Begin PBXProject section */
		A329B5481FD7A5FB00A22F37 /* Project object */ = {
			isa = PBXProject;
			attributes = {
				LastSwiftUpdateCheck = 0900;
				LastUpgradeCheck = 0900;
				ORGANIZATIONNAME = "Satsuki Hashiba";
				TargetAttributes = {
					A329B54F1FD7A5FB00A22F37 = {
						CreatedOnToolsVersion = 9.0;
						ProvisioningStyle = Automatic;
					};
					A329B5661FD7A8AE00A22F37 = {
						CreatedOnToolsVersion = 9.0;
						ProvisioningStyle = Automatic;
					};
				};
			};
			buildConfigurationList = A329B54B1FD7A5FB00A22F37 /* Build configuration list for PBXProject "NoMoreTypoForXcode" */;
			compatibilityVersion = "Xcode 8.0";
			developmentRegion = en;
			hasScannedForEncodings = 0;
			knownRegions = (
				en,
				Base,
			);
			mainGroup = A329B5471FD7A5FB00A22F37;
			productRefGroup = A329B5511FD7A5FB00A22F37 /* Products */;
			projectDirPath = "";
			projectRoot = "";
			targets = (
				A329B54F1FD7A5FB00A22F37 /* NoMoreTypoForXcode */,
				A329B5661FD7A8AE00A22F37 /* NoMoreTypo */,
			);
		};
/* End PBXProject section */

/* Begin PBXResourcesBuildPhase section */
		A329B54E1FD7A5FB00A22F37 /* Resources */ = {
			isa = PBXResourcesBuildPhase;
			buildActionMask = 2147483647;
			files = (
				A329B5581FD7A5FB00A22F37 /* Assets.xcassets in Resources */,
				A329B55B1FD7A5FB00A22F37 /* Main.storyboard in Resources */,
			);
			runOnlyForDeploymentPostprocessing = 0;
		};
		A329B5651FD7A8AE00A22F37 /* Resources */ = {
			isa = PBXResourcesBuildPhase;
			buildActionMask = 2147483647;
			files = (
			);
			runOnlyForDeploymentPostprocessing = 0;
		};
/* End PBXResourcesBuildPhase section */

/* Begin PBXSourcesBuildPhase section */
		A329B54C1FD7A5FB00A22F37 /* Sources */ = {
			isa = PBXSourcesBuildPhase;
			buildActionMask = 2147483647;
			files = (
				A329B5561FD7A5FB00A22F37 /* ViewController.swift in Sources */,
				A329B5541FD7A5FB00A22F37 /* AppDelegate.swift in Sources */,
			);
			runOnlyForDeploymentPostprocessing = 0;
		};
		A329B5631FD7A8AE00A22F37 /* Sources */ = {
			isa = PBXSourcesBuildPhase;
			buildActionMask = 2147483647;
			files = (
				A329B56D1FD7A8AE00A22F37 /* SourceEditorExtension.swift in Sources */,
				A329B56F1FD7A8AE00A22F37 /* CheckNamingTypoCommand.swift in Sources */,
				A329B57A1FD7A93F00A22F37 /* CheckStringTypoCommand.swift in Sources */,
			);
			runOnlyForDeploymentPostprocessing = 0;
		};
/* End PBXSourcesBuildPhase section */

/* Begin PBXTargetDependency section */
		A329B5731FD7A8AE00A22F37 /* PBXTargetDependency */ = {
			isa = PBXTargetDependency;
			target = A329B5661FD7A8AE00A22F37 /* NoMoreTypo */;
			targetProxy = A329B5721FD7A8AE00A22F37 /* PBXContainerItemProxy */;
		};
/* End PBXTargetDependency section */

/* Begin PBXVariantGroup section */
		A329B5591FD7A5FB00A22F37 /* Main.storyboard */ = {
			isa = PBXVariantGroup;
			children = (
				A329B55A1FD7A5FB00A22F37 /* Base */,
			);
			name = Main.storyboard;
			sourceTree = "<group>";
		};
/* End PBXVariantGroup section */

/* Begin XCBuildConfiguration section */
		A329B55E1FD7A5FB00A22F37 /* Debug */ = {
			isa = XCBuildConfiguration;
			buildSettings = {
				ALWAYS_SEARCH_USER_PATHS = NO;
				CLANG_ANALYZER_NONNULL = YES;
				CLANG_ANALYZER_NUMBER_OBJECT_CONVERSION = YES_AGGRESSIVE;
				CLANG_CXX_LANGUAGE_STANDARD = "gnu++14";
				CLANG_CXX_LIBRARY = "libc++";
				CLANG_ENABLE_MODULES = YES;
				CLANG_ENABLE_OBJC_ARC = YES;
				CLANG_WARN_BLOCK_CAPTURE_AUTORELEASING = YES;
				CLANG_WARN_BOOL_CONVERSION = YES;
				CLANG_WARN_COMMA = YES;
				CLANG_WARN_CONSTANT_CONVERSION = YES;
				CLANG_WARN_DIRECT_OBJC_ISA_USAGE = YES_ERROR;
				CLANG_WARN_DOCUMENTATION_COMMENTS = YES;
				CLANG_WARN_EMPTY_BODY = YES;
				CLANG_WARN_ENUM_CONVERSION = YES;
				CLANG_WARN_INFINITE_RECURSION = YES;
				CLANG_WARN_INT_CONVERSION = YES;
				CLANG_WARN_NON_LITERAL_NULL_CONVERSION = YES;
				CLANG_WARN_OBJC_LITERAL_CONVERSION = YES;
				CLANG_WARN_OBJC_ROOT_CLASS = YES_ERROR;
				CLANG_WARN_RANGE_LOOP_ANALYSIS = YES;
				CLANG_WARN_STRICT_PROTOTYPES = YES;
				CLANG_WARN_SUSPICIOUS_MOVE = YES;
				CLANG_WARN_UNGUARDED_AVAILABILITY = YES_AGGRESSIVE;
				CLANG_WARN_UNREACHABLE_CODE = YES;
				CLANG_WARN__DUPLICATE_METHOD_MATCH = YES;
				CODE_SIGN_IDENTITY = "Mac Developer";
				COPY_PHASE_STRIP = NO;
				DEBUG_INFORMATION_FORMAT = dwarf;
				ENABLE_STRICT_OBJC_MSGSEND = YES;
				ENABLE_TESTABILITY = YES;
				GCC_C_LANGUAGE_STANDARD = gnu11;
				GCC_DYNAMIC_NO_PIC = NO;
				GCC_NO_COMMON_BLOCKS = YES;
				GCC_OPTIMIZATION_LEVEL = 0;
				GCC_PREPROCESSOR_DEFINITIONS = (
					"DEBUG=1",
					"$(inherited)",
				);
				GCC_WARN_64_TO_32_BIT_CONVERSION = YES;
				GCC_WARN_ABOUT_RETURN_TYPE = YES_ERROR;
				GCC_WARN_UNDECLARED_SELECTOR = YES;
				GCC_WARN_UNINITIALIZED_AUTOS = YES_AGGRESSIVE;
				GCC_WARN_UNUSED_FUNCTION = YES;
				GCC_WARN_UNUSED_VARIABLE = YES;
				MACOSX_DEPLOYMENT_TARGET = 10.12;
				MTL_ENABLE_DEBUG_INFO = YES;
				ONLY_ACTIVE_ARCH = YES;
				SDKROOT = macosx;
				SWIFT_ACTIVE_COMPILATION_CONDITIONS = DEBUG;
				SWIFT_OPTIMIZATION_LEVEL = "-Onone";
			};
			name = Debug;
		};
		A329B55F1FD7A5FB00A22F37 /* Release */ = {
			isa = XCBuildConfiguration;
			buildSettings = {
				ALWAYS_SEARCH_USER_PATHS = NO;
				CLANG_ANALYZER_NONNULL = YES;
				CLANG_ANALYZER_NUMBER_OBJECT_CONVERSION = YES_AGGRESSIVE;
				CLANG_CXX_LANGUAGE_STANDARD = "gnu++14";
				CLANG_CXX_LIBRARY = "libc++";
				CLANG_ENABLE_MODULES = YES;
				CLANG_ENABLE_OBJC_ARC = YES;
				CLANG_WARN_BLOCK_CAPTURE_AUTORELEASING = YES;
				CLANG_WARN_BOOL_CONVERSION = YES;
				CLANG_WARN_COMMA = YES;
				CLANG_WARN_CONSTANT_CONVERSION = YES;
				CLANG_WARN_DIRECT_OBJC_ISA_USAGE = YES_ERROR;
				CLANG_WARN_DOCUMENTATION_COMMENTS = YES;
				CLANG_WARN_EMPTY_BODY = YES;
				CLANG_WARN_ENUM_CONVERSION = YES;
				CLANG_WARN_INFINITE_RECURSION = YES;
				CLANG_WARN_INT_CONVERSION = YES;
				CLANG_WARN_NON_LITERAL_NULL_CONVERSION = YES;
				CLANG_WARN_OBJC_LITERAL_CONVERSION = YES;
				CLANG_WARN_OBJC_ROOT_CLASS = YES_ERROR;
				CLANG_WARN_RANGE_LOOP_ANALYSIS = YES;
				CLANG_WARN_STRICT_PROTOTYPES = YES;
				CLANG_WARN_SUSPICIOUS_MOVE = YES;
				CLANG_WARN_UNGUARDED_AVAILABILITY = YES_AGGRESSIVE;
				CLANG_WARN_UNREACHABLE_CODE = YES;
				CLANG_WARN__DUPLICATE_METHOD_MATCH = YES;
				CODE_SIGN_IDENTITY = "Mac Developer";
				COPY_PHASE_STRIP = NO;
				DEBUG_INFORMATION_FORMAT = "dwarf-with-dsym";
				ENABLE_NS_ASSERTIONS = NO;
				ENABLE_STRICT_OBJC_MSGSEND = YES;
				GCC_C_LANGUAGE_STANDARD = gnu11;
				GCC_NO_COMMON_BLOCKS = YES;
				GCC_WARN_64_TO_32_BIT_CONVERSION = YES;
				GCC_WARN_ABOUT_RETURN_TYPE = YES_ERROR;
				GCC_WARN_UNDECLARED_SELECTOR = YES;
				GCC_WARN_UNINITIALIZED_AUTOS = YES_AGGRESSIVE;
				GCC_WARN_UNUSED_FUNCTION = YES;
				GCC_WARN_UNUSED_VARIABLE = YES;
				MACOSX_DEPLOYMENT_TARGET = 10.12;
				MTL_ENABLE_DEBUG_INFO = NO;
				SDKROOT = macosx;
				SWIFT_OPTIMIZATION_LEVEL = "-Owholemodule";
			};
			name = Release;
		};
		A329B5611FD7A5FB00A22F37 /* Debug */ = {
			isa = XCBuildConfiguration;
			buildSettings = {
				ALWAYS_EMBED_SWIFT_STANDARD_LIBRARIES = YES;
				ASSETCATALOG_COMPILER_APPICON_NAME = AppIcon;
				CODE_SIGN_ENTITLEMENTS = NoMoreTypoForXcode/NoMoreTypoForXcode.entitlements;
				CODE_SIGN_STYLE = Automatic;
				COMBINE_HIDPI_IMAGES = YES;
				DEVELOPMENT_TEAM = U6JP7S27NV;
				INFOPLIST_FILE = NoMoreTypoForXcode/Info.plist;
				LD_RUNPATH_SEARCH_PATHS = "$(inherited) @executable_path/../Frameworks";
				PRODUCT_BUNDLE_IDENTIFIER = com.shiba.NoMoreTypoForXcode;
				PRODUCT_NAME = "$(TARGET_NAME)";
				SWIFT_VERSION = 4.0;
			};
			name = Debug;
		};
		A329B5621FD7A5FB00A22F37 /* Release */ = {
			isa = XCBuildConfiguration;
			buildSettings = {
				ALWAYS_EMBED_SWIFT_STANDARD_LIBRARIES = YES;
				ASSETCATALOG_COMPILER_APPICON_NAME = AppIcon;
				CODE_SIGN_ENTITLEMENTS = NoMoreTypoForXcode/NoMoreTypoForXcode.entitlements;
				CODE_SIGN_STYLE = Automatic;
				COMBINE_HIDPI_IMAGES = YES;
				DEVELOPMENT_TEAM = U6JP7S27NV;
				INFOPLIST_FILE = NoMoreTypoForXcode/Info.plist;
				LD_RUNPATH_SEARCH_PATHS = "$(inherited) @executable_path/../Frameworks";
				PRODUCT_BUNDLE_IDENTIFIER = com.shiba.NoMoreTypoForXcode;
				PRODUCT_NAME = "$(TARGET_NAME)";
				SWIFT_VERSION = 4.0;
			};
			name = Release;
		};
		A329B5761FD7A8AE00A22F37 /* Debug */ = {
			isa = XCBuildConfiguration;
			buildSettings = {
				CODE_SIGN_ENTITLEMENTS = NoMoreTypo/NoMoreTypo.entitlements;
				CODE_SIGN_STYLE = Automatic;
				COMBINE_HIDPI_IMAGES = YES;
				DEVELOPMENT_TEAM = U6JP7S27NV;
				INFOPLIST_FILE = NoMoreTypo/Info.plist;
				LD_RUNPATH_SEARCH_PATHS = "$(inherited) @executable_path/../Frameworks @executable_path/../../../../Frameworks";
				PRODUCT_BUNDLE_IDENTIFIER = com.shiba.NoMoreTypoForXcode.NoMoreTypo;
				PRODUCT_NAME = "$(TARGET_NAME)";
				SKIP_INSTALL = YES;
				SWIFT_VERSION = 4.0;
			};
			name = Debug;
		};
		A329B5771FD7A8AE00A22F37 /* Release */ = {
			isa = XCBuildConfiguration;
			buildSettings = {
				CODE_SIGN_ENTITLEMENTS = NoMoreTypo/NoMoreTypo.entitlements;
				CODE_SIGN_STYLE = Automatic;
				COMBINE_HIDPI_IMAGES = YES;
				DEVELOPMENT_TEAM = U6JP7S27NV;
				INFOPLIST_FILE = NoMoreTypo/Info.plist;
				LD_RUNPATH_SEARCH_PATHS = "$(inherited) @executable_path/../Frameworks @executable_path/../../../../Frameworks";
				PRODUCT_BUNDLE_IDENTIFIER = com.shiba.NoMoreTypoForXcode.NoMoreTypo;
				PRODUCT_NAME = "$(TARGET_NAME)";
				SKIP_INSTALL = YES;
				SWIFT_VERSION = 4.0;
			};
			name = Release;
		};
/* End XCBuildConfiguration section */

/* Begin XCConfigurationList section */
		A329B54B1FD7A5FB00A22F37 /* Build configuration list for PBXProject "NoMoreTypoForXcode" */ = {
			isa = XCConfigurationList;
			buildConfigurations = (
				A329B55E1FD7A5FB00A22F37 /* Debug */,
				A329B55F1FD7A5FB00A22F37 /* Release */,
			);
			defaultConfigurationIsVisible = 0;
			defaultConfigurationName = Release;
		};
		A329B5601FD7A5FB00A22F37 /* Build configuration list for PBXNativeTarget "NoMoreTypoForXcode" */ = {
			isa = XCConfigurationList;
			buildConfigurations = (
				A329B5611FD7A5FB00A22F37 /* Debug */,
				A329B5621FD7A5FB00A22F37 /* Release */,
			);
			defaultConfigurationIsVisible = 0;
			defaultConfigurationName = Release;
		};
		A329B5751FD7A8AE00A22F37 /* Build configuration list for PBXNativeTarget "NoMoreTypo" */ = {
			isa = XCConfigurationList;
			buildConfigurations = (
				A329B5761FD7A8AE00A22F37 /* Debug */,
				A329B5771FD7A8AE00A22F37 /* Release */,
			);
			defaultConfigurationIsVisible = 0;
			defaultConfigurationName = Release;
		};
/* End XCConfigurationList section */
	};
	rootObject = A329B5481FD7A5FB00A22F37 /* Project object */;
}
